// !$*UTF8*$!
{
	archiveVersion = 1;
	classes = {
	};
	objectVersion = 56;
	objects = {

/* Begin PBXBuildFile section */
		D71DEA572FAC815700412ABE /* fawfittApp.swift in Sources */ = {isa = PBXBuildFile; fileRef = D71DEA562FAC815700412ABE /* fawfittApp.swift */; };
		D71DEA592FAC815700412ABE /* ContentView.swift in Sources */ = {isa = PBXBuildFile; fileRef = D71DEA582FAC815700412ABE /* ContentView.swift */; };
		D71DEA5B2FAC815B00412ABE /* Assets.xcassets in Resources */ = {isa = PBXBuildFile; fileRef = D71DEA5A2FAC815B00412ABE /* Assets.xcassets */; };
		D71DEA5E2FAC815B00412ABE /* Preview Assets.xcassets in Resources */ = {isa = PBXBuildFile; fileRef = D71DEA5D2FAC815B00412ABE /* Preview Assets.xcassets */; };
		D71DEA682FAC815C00412ABE /* fawfittTests.swift in Sources */ = {isa = PBXBuildFile; fileRef = D71DEA672FAC815C00412ABE /* fawfittTests.swift */; };
		D71DEA722FAC815C00412ABE /* fawfittUITests.swift in Sources */ = {isa = PBXBuildFile; fileRef = D71DEA712FAC815C00412ABE /* fawfittUITests.swift */; };
		D71DEA742FAC815C00412ABE /* fawfittUITestsLaunchTests.swift in Sources */ = {isa = PBXBuildFile; fileRef = D71DEA732FAC815C00412ABE /* fawfittUITestsLaunchTests.swift */; };
/* End PBXBuildFile section */

/* Begin PBXContainerItemProxy section */
		D71DEA642FAC815C00412ABE /* PBXContainerItemProxy */ = {
			isa = PBXContainerItemProxy;
			containerPortal = D71DEA4B2FAC815700412ABE /* Project object */;
			proxyType = 1;
			remoteGlobalIDString = D71DEA522FAC815700412ABE;
			remoteInfo = fawfitt;
		};
		D71DEA6E2FAC815C00412ABE /* PBXContainerItemProxy */ = {
			isa = PBXContainerItemProxy;
			containerPortal = D71DEA4B2FAC815700412ABE /* Project object */;
			proxyType = 1;
			remoteGlobalIDString = D71DEA522FAC815700412ABE;
			remoteInfo = fawfitt;
		};
/* End PBXContainerItemProxy section */

/* Begin PBXFileReference section */
		D71DEA532FAC815700412ABE /* fawfitt.app */ = {isa = PBXFileReference; explicitFileType = wrapper.application; includeInIndex = 0; path = fawfitt.app; sourceTree = BUILT_PRODUCTS_DIR; };
		D71DEA562FAC815700412ABE /* fawfittApp.swift */ = {isa = PBXFileReference; lastKnownFileType = sourcecode.swift; path = fawfittApp.swift; sourceTree = "<group>"; };
		D71DEA582FAC815700412ABE /* ContentView.swift */ = {isa = PBXFileReference; lastKnownFileType = sourcecode.swift; path = ContentView.swift; sourceTree = "<group>"; };
		D71DEA5A2FAC815B00412ABE /* Assets.xcassets */ = {isa = PBXFileReference; lastKnownFileType = folder.assetcatalog; path = Assets.xcassets; sourceTree = "<group>"; };
		D71DEA5D2FAC815B00412ABE /* Preview Assets.xcassets */ = {isa = PBXFileReference; lastKnownFileType = folder.assetcatalog; path = "Preview Assets.xcassets"; sourceTree = "<group>"; };
		D71DEA632FAC815C00412ABE /* fawfittTests.xctest */ = {isa = PBXFileReference; explicitFileType = wrapper.cfbundle; includeInIndex = 0; path = fawfittTests.xctest; sourceTree = BUILT_PRODUCTS_DIR; };
		D71DEA672FAC815C00412ABE /* fawfittTests.swift */ = {isa = PBXFileReference; lastKnownFileType = sourcecode.swift; path = fawfittTests.swift; sourceTree = "<group>"; };
		D71DEA6D2FAC815C00412ABE /* fawfittUITests.xctest */ = {isa = PBXFileReference; explicitFileType = wrapper.cfbundle; includeInIndex = 0; path = fawfittUITests.xctest; sourceTree = BUILT_PRODUCTS_DIR; };
		D71DEA712FAC815C00412ABE /* fawfittUITests.swift */ = {isa = PBXFileReference; lastKnownFileType = sourcecode.swift; path = fawfittUITests.swift; sourceTree = "<group>"; };
		D71DEA732FAC815C00412ABE /* fawfittUITestsLaunchTests.swift */ = {isa = PBXFileReference; lastKnownFileType = sourcecode.swift; path = fawfittUITestsLaunchTests.swift; sourceTree = "<group>"; };
/* End PBXFileReference section */

/* Begin PBXFrameworksBuildPhase section */
		D71DEA502FAC815700412ABE /* Frameworks */ = {
			isa = PBXFrameworksBuildPhase;
			buildActionMask = 2147483647;
			files = (
			);
			runOnlyForDeploymentPostprocessing = 0;
		};
		D71DEA602FAC815C00412ABE /* Frameworks */ = {
			isa = PBXFrameworksBuildPhase;
			buildActionMask = 2147483647;
			files = (
			);
			runOnlyForDeploymentPostprocessing = 0;
		};
		D71DEA6A2FAC815C00412ABE /* Frameworks */ = {
			isa = PBXFrameworksBuildPhase;
			buildActionMask = 2147483647;
			files = (
			);
			runOnlyForDeploymentPostprocessing = 0;
		};
/* End PBXFrameworksBuildPhase section */

/* Begin PBXGroup section */
		D71DEA4A2FAC815700412ABE = {
			isa = PBXGroup;
			children = (
				D71DEA552FAC815700412ABE /* fawfitt */,
				D71DEA662FAC815C00412ABE /* fawfittTests */,
				D71DEA702FAC815C00412ABE /* fawfittUITests */,
				D71DEA542FAC815700412ABE /* Products */,
			);
			sourceTree = "<group>";
		};
		D71DEA542FAC815700412ABE /* Products */ = {
			isa = PBXGroup;
			children = (
				D71DEA532FAC815700412ABE /* fawfitt.app */,
				D71DEA632FAC815C00412ABE /* fawfittTests.xctest */,
				D71DEA6D2FAC815C00412ABE /* fawfittUITests.xctest */,
			);
			name = Products;
			sourceTree = "<group>";
		};
		D71DEA552FAC815700412ABE /* fawfitt */ = {
			isa = PBXGroup;
			children = (
				D71DEA562FAC815700412ABE /* fawfittApp.swift */,
				D71DEA582FAC815700412ABE /* ContentView.swift */,
				D71DEA5A2FAC815B00412ABE /* Assets.xcassets */,
				D71DEA5C2FAC815B00412ABE /* Preview Content */,
			);
			path = fawfitt;
			sourceTree = "<group>";
		};
		D71DEA5C2FAC815B00412ABE /* Preview Content */ = {
			isa = PBXGroup;
			children = (
				D71DEA5D2FAC815B00412ABE /* Preview Assets.xcassets */,
			);
			path = "Preview Content";
			sourceTree = "<group>";
		};
		D71DEA662FAC815C00412ABE /* fawfittTests */ = {
			isa = PBXGroup;
			children = (
				D71DEA672FAC815C00412ABE /* fawfittTests.swift */,
			);
			path = fawfittTests;
			sourceTree = "<group>";
		};
		D71DEA702FAC815C00412ABE /* fawfittUITests */ = {
			isa = PBXGroup;
			children = (
				D71DEA712FAC815C00412ABE /* fawfittUITests.swift */,
				D71DEA732FAC815C00412ABE /* fawfittUITestsLaunchTests.swift */,
			);
			path = fawfittUITests;
			sourceTree = "<group>";
		};
/* End PBXGroup section */

/* Begin PBXNativeTarget section */
		D71DEA522FAC815700412ABE /* fawfitt */ = {
			isa = PBXNativeTarget;
			buildConfigurationList = D71DEA772FAC815C00412ABE /* Build configuration list for PBXNativeTarget "fawfitt" */;
			buildPhases = (
				D71DEA4F2FAC815700412ABE /* Sources */,
				D71DEA502FAC815700412ABE /* Frameworks */,
				D71DEA512FAC815700412ABE /* Resources */,
			);
			buildRules = (
			);
			dependencies = (
			);
			name = fawfitt;
			productName = fawfitt;
			productReference = D71DEA532FAC815700412ABE /* fawfitt.app */;
			productType = "com.apple.product-type.application";
		};
		D71DEA622FAC815C00412ABE /* fawfittTests */ = {
			isa = PBXNativeTarget;
			buildConfigurationList = D71DEA7A2FAC815C00412ABE /* Build configuration list for PBXNativeTarget "fawfittTests" */;
			buildPhases = (
				D71DEA5F2FAC815C00412ABE /* Sources */,
				D71DEA602FAC815C00412ABE /* Frameworks */,
				D71DEA612FAC815C00412ABE /* Resources */,
			);
			buildRules = (
			);
			dependencies = (
				D71DEA652FAC815C00412ABE /* PBXTargetDependency */,
			);
			name = fawfittTests;
			productName = fawfittTests;
			productReference = D71DEA632FAC815C00412ABE /* fawfittTests.xctest */;
			productType = "com.apple.product-type.bundle.unit-test";
		};
		D71DEA6C2FAC815C00412ABE /* fawfittUITests */ = {
			isa = PBXNativeTarget;
			buildConfigurationList = D71DEA7D2FAC815C00412ABE /* Build configuration list for PBXNativeTarget "fawfittUITests" */;
			buildPhases = (
				D71DEA692FAC815C00412ABE /* Sources */,
				D71DEA6A2FAC815C00412ABE /* Frameworks */,
				D71DEA6B2FAC815C00412ABE /* Resources */,
			);
			buildRules = (
			);
			dependencies = (
				D71DEA6F2FAC815C00412ABE /* PBXTargetDependency */,
			);
			name = fawfittUITests;
			productName = fawfittUITests;
			productReference = D71DEA6D2FAC815C00412ABE /* fawfittUITests.xctest */;
			productType = "com.apple.product-type.bundle.ui-testing";
		};
/* End PBXNativeTarget section */

/* Begin PBXProject section */
		D71DEA4B2FAC815700412ABE /* Project object */ = {
			isa = PBXProject;
			attributes = {
				BuildIndependentTargetsInParallel = 1;
				LastSwiftUpdateCheck = 1430;
				LastUpgradeCheck = 1430;
				TargetAttributes = {
					D71DEA522FAC815700412ABE = {
						CreatedOnToolsVersion = 14.3.1;
					};
					D71DEA622FAC815C00412ABE = {
						CreatedOnToolsVersion = 14.3.1;
						TestTargetID = D71DEA522FAC815700412ABE;
					};
					D71DEA6C2FAC815C00412ABE = {
						CreatedOnToolsVersion = 14.3.1;
						TestTargetID = D71DEA522FAC815700412ABE;
					};
				};
			};
			buildConfigurationList = D71DEA4E2FAC815700412ABE /* Build configuration list for PBXProject "fawfitt" */;
			compatibilityVersion = "Xcode 14.0";
			developmentRegion = en;
			hasScannedForEncodings = 0;
			knownRegions = (
				en,
				Base,
			);
			mainGroup = D71DEA4A2FAC815700412ABE;
			productRefGroup = D71DEA542FAC815700412ABE /* Products */;
			projectDirPath = "";
			projectRoot = "";
			targets = (
				D71DEA522FAC815700412ABE /* fawfitt */,
				D71DEA622FAC815C00412ABE /* fawfittTests */,
				D71DEA6C2FAC815C00412ABE /* fawfittUITests */,
			);
		};
/* End PBXProject section */

/* Begin PBXResourcesBuildPhase section */
		D71DEA512FAC815700412ABE /* Resources */ = {
			isa = PBXResourcesBuildPhase;
			buildActionMask = 2147483647;
			files = (
				D71DEA5E2FAC815B00412ABE /* Preview Assets.xcassets in Resources */,
				D71DEA5B2FAC815B00412ABE /* Assets.xcassets in Resources */,
			);
			runOnlyForDeploymentPostprocessing = 0;
		};
		D71DEA612FAC815C00412ABE /* Resources */ = {
			isa = PBXResourcesBuildPhase;
			buildActionMask = 2147483647;
			files = (
			);
			runOnlyForDeploymentPostprocessing = 0;
		};
		D71DEA6B2FAC815C00412ABE /* Resources */ = {
			isa = PBXResourcesBuildPhase;
			buildActionMask = 2147483647;
			files = (
			);
			runOnlyForDeploymentPostprocessing = 0;
		};
/* End PBXResourcesBuildPhase section */

/* Begin PBXSourcesBuildPhase section */
		D71DEA4F2FAC815700412ABE /* Sources */ = {
			isa = PBXSourcesBuildPhase;
			buildActionMask = 2147483647;
			files = (
				D71DEA592FAC815700412ABE /* ContentView.swift in Sources */,
				D71DEA572FAC815700412ABE /* fawfittApp.swift in Sources */,
			);
			runOnlyForDeploymentPostprocessing = 0;
		};
		D71DEA5F2FAC815C00412ABE /* Sources */ = {
			isa = PBXSourcesBuildPhase;
			buildActionMask = 2147483647;
			files = (
				D71DEA682FAC815C00412ABE /* fawfittTests.swift in Sources */,
			);
			runOnlyForDeploymentPostprocessing = 0;
		};
		D71DEA692FAC815C00412ABE /* Sources */ = {
			isa = PBXSourcesBuildPhase;
			buildActionMask = 2147483647;
			files = (
				D71DEA742FAC815C00412ABE /* fawfittUITestsLaunchTests.swift in Sources */,
				D71DEA722FAC815C00412ABE /* fawfittUITests.swift in Sources */,
			);
			runOnlyForDeploymentPostprocessing = 0;
		};
/* End PBXSourcesBuildPhase section */

/* Begin PBXTargetDependency section */
		D71DEA652FAC815C00412ABE /* PBXTargetDependency */ = {
			isa = PBXTargetDependency;
			target = D71DEA522FAC815700412ABE /* fawfitt */;
			targetProxy = D71DEA642FAC815C00412ABE /* PBXContainerItemProxy */;
		};
		D71DEA6F2FAC815C00412ABE /* PBXTargetDependency */ = {
			isa = PBXTargetDependency;
			target = D71DEA522FAC815700412ABE /* fawfitt */;
			targetProxy = D71DEA6E2FAC815C00412ABE /* PBXContainerItemProxy */;
		};
/* End PBXTargetDependency section */

/* Begin XCBuildConfiguration section */
		D71DEA752FAC815C00412ABE /* Debug */ = {
			isa = XCBuildConfiguration;
			buildSettings = {
				ALWAYS_SEARCH_USER_PATHS = NO;
				CLANG_ANALYZER_NONNULL = YES;
				CLANG_ANALYZER_NUMBER_OBJECT_CONVERSION = YES_AGGRESSIVE;
				CLANG_CXX_LANGUAGE_STANDARD = "gnu++20";
				CLANG_ENABLE_MODULES = YES;
				CLANG_ENABLE_OBJC_ARC = YES;
				CLANG_ENABLE_OBJC_WEAK = YES;
				CLANG_WARN_BLOCK_CAPTURE_AUTORELEASING = YES;
				CLANG_WARN_BOOL_CONVERSION = YES;
				CLANG_WARN_COMMA = YES;
				CLANG_WARN_CONSTANT_CONVERSION = YES;
				CLANG_WARN_DEPRECATED_OBJC_IMPLEMENTATIONS = YES;
				CLANG_WARN_DIRECT_OBJC_ISA_USAGE = YES_ERROR;
				CLANG_WARN_DOCUMENTATION_COMMENTS = YES;
				CLANG_WARN_EMPTY_BODY = YES;
				CLANG_WARN_ENUM_CONVERSION = YES;
				CLANG_WARN_INFINITE_RECURSION = YES;
				CLANG_WARN_INT_CONVERSION = YES;
				CLANG_WARN_NON_LITERAL_NULL_CONVERSION = YES;
				CLANG_WARN_OBJC_IMPLICIT_RETAIN_SELF = YES;
				CLANG_WARN_OBJC_LITERAL_CONVERSION = YES;
				CLANG_WARN_OBJC_ROOT_CLASS = YES_ERROR;
				CLANG_WARN_QUOTED_INCLUDE_IN_FRAMEWORK_HEADER = YES;
				CLANG_WARN_RANGE_LOOP_ANALYSIS = YES;
				CLANG_WARN_STRICT_PROTOTYPES = YES;
				CLANG_WARN_SUSPICIOUS_MOVE = YES;
				CLANG_WARN_UNGUARDED_AVAILABILITY = YES_AGGRESSIVE;
				CLANG_WARN_UNREACHABLE_CODE = YES;
				CLANG_WARN__DUPLICATE_METHOD_MATCH = YES;
				COPY_PHASE_STRIP = NO;
				DEBUG_INFORMATION_FORMAT = dwarf;
				ENABLE_STRICT_OBJC_MSGSEND = YES;
				ENABLE_TESTABILITY = YES;
				GCC_C_LANGUAGE_STANDARD = gnu11;
				GCC_DYNAMIC_NO_PIC = NO;
				GCC_NO_COMMON_BLOCKS = YES;
				GCC_OPTIMIZATION_LEVEL = 0;
				GCC_PREPROCESSOR_DEFINITIONS = (
					"DEBUG=1",
					"$(inherited)",
				);
				GCC_WARN_64_TO_32_BIT_CONVERSION = YES;
				GCC_WARN_ABOUT_RETURN_TYPE = YES_ERROR;
				GCC_WARN_UNDECLARED_SELECTOR = YES;
				GCC_WARN_UNINITIALIZED_AUTOS = YES_AGGRESSIVE;
				GCC_WARN_UNUSED_FUNCTION = YES;
				GCC_WARN_UNUSED_VARIABLE = YES;
				IPHONEOS_DEPLOYMENT_TARGET = 16.4;
				MTL_ENABLE_DEBUG_INFO = INCLUDE_SOURCE;
				MTL_FAST_MATH = YES;
				ONLY_ACTIVE_ARCH = YES;
				SDKROOT = iphoneos;
				SWIFT_ACTIVE_COMPILATION_CONDITIONS = DEBUG;
				SWIFT_OPTIMIZATION_LEVEL = "-Onone";
			};
			name = Debug;
		};
		D71DEA762FAC815C00412ABE /* Release */ = {
			isa = XCBuildConfiguration;
			buildSettings = {
				ALWAYS_SEARCH_USER_PATHS = NO;
				CLANG_ANALYZER_NONNULL = YES;
				CLANG_ANALYZER_NUMBER_OBJECT_CONVERSION = YES_AGGRESSIVE;
				CLANG_CXX_LANGUAGE_STANDARD = "gnu++20";
				CLANG_ENABLE_MODULES = YES;
				CLANG_ENABLE_OBJC_ARC = YES;
				CLANG_ENABLE_OBJC_WEAK = YES;
				CLANG_WARN_BLOCK_CAPTURE_AUTORELEASING = YES;
				CLANG_WARN_BOOL_CONVERSION = YES;
				CLANG_WARN_COMMA = YES;
				CLANG_WARN_CONSTANT_CONVERSION = YES;
				CLANG_WARN_DEPRECATED_OBJC_IMPLEMENTATIONS = YES;
				CLANG_WARN_DIRECT_OBJC_ISA_USAGE = YES_ERROR;
				CLANG_WARN_DOCUMENTATION_COMMENTS = YES;
				CLANG_WARN_EMPTY_BODY = YES;
				CLANG_WARN_ENUM_CONVERSION = YES;
				CLANG_WARN_INFINITE_RECURSION = YES;
				CLANG_WARN_INT_CONVERSION = YES;
				CLANG_WARN_NON_LITERAL_NULL_CONVERSION = YES;
				CLANG_WARN_OBJC_IMPLICIT_RETAIN_SELF = YES;
				CLANG_WARN_OBJC_LITERAL_CONVERSION = YES;
				CLANG_WARN_OBJC_ROOT_CLASS = YES_ERROR;
				CLANG_WARN_QUOTED_INCLUDE_IN_FRAMEWORK_HEADER = YES;
				CLANG_WARN_RANGE_LOOP_ANALYSIS = YES;
				CLANG_WARN_STRICT_PROTOTYPES = YES;
				CLANG_WARN_SUSPICIOUS_MOVE = YES;
				CLANG_WARN_UNGUARDED_AVAILABILITY = YES_AGGRESSIVE;
				CLANG_WARN_UNREACHABLE_CODE = YES;
				CLANG_WARN__DUPLICATE_METHOD_MATCH = YES;
				COPY_PHASE_STRIP = NO;
				DEBUG_INFORMATION_FORMAT = "dwarf-with-dsym";
				ENABLE_NS_ASSERTIONS = NO;
				ENABLE_STRICT_OBJC_MSGSEND = YES;
				GCC_C_LANGUAGE_STANDARD = gnu11;
				GCC_NO_COMMON_BLOCKS = YES;
				GCC_WARN_64_TO_32_BIT_CONVERSION = YES;
				GCC_WARN_ABOUT_RETURN_TYPE = YES_ERROR;
				GCC_WARN_UNDECLARED_SELECTOR = YES;
				GCC_WARN_UNINITIALIZED_AUTOS = YES_AGGRESSIVE;
				GCC_WARN_UNUSED_FUNCTION = YES;
				GCC_WARN_UNUSED_VARIABLE = YES;
				IPHONEOS_DEPLOYMENT_TARGET = 16.4;
				MTL_ENABLE_DEBUG_INFO = NO;
				MTL_FAST_MATH = YES;
				SDKROOT = iphoneos;
				SWIFT_COMPILATION_MODE = wholemodule;
				SWIFT_OPTIMIZATION_LEVEL = "-O";
				VALIDATE_PRODUCT = YES;
			};
			name = Release;
		};
		D71DEA782FAC815C00412ABE /* Debug */ = {
			isa = XCBuildConfiguration;
			buildSettings = {
				ASSETCATALOG_COMPILER_APPICON_NAME = AppIcon;
				ASSETCATALOG_COMPILER_GLOBAL_ACCENT_COLOR_NAME = AccentColor;
				CODE_SIGN_STYLE = Automatic;
				CURRENT_PROJECT_VERSION = 1;
				DEVELOPMENT_ASSET_PATHS = "\"fawfitt/Preview Content\"";
				ENABLE_PREVIEWS = YES;
				GENERATE_INFOPLIST_FILE = YES;
				INFOPLIST_KEY_UIApplicationSceneManifest_Generation = YES;
				INFOPLIST_KEY_UIApplicationSupportsIndirectInputEvents = YES;
				INFOPLIST_KEY_UILaunchScreen_Generation = YES;
				INFOPLIST_KEY_UISupportedInterfaceOrientations_iPad = "UIInterfaceOrientationPortrait UIInterfaceOrientationPortraitUpsideDown UIInterfaceOrientationLandscapeLeft UIInterfaceOrientationLandscapeRight";
				INFOPLIST_KEY_UISupportedInterfaceOrientations_iPhone = "UIInterfaceOrientationPortrait UIInterfaceOrientationLandscapeLeft UIInterfaceOrientationLandscapeRight";
				LD_RUNPATH_SEARCH_PATHS = (
					"$(inherited)",
					"@executable_path/Frameworks",
				);
				MARKETING_VERSION = 1.0;
				PRODUCT_BUNDLE_IDENTIFIER = nxu.fawfitt;
				PRODUCT_NAME = "$(TARGET_NAME)";
				SWIFT_EMIT_LOC_STRINGS = YES;
				SWIFT_VERSION = 5.0;
				TARGETED_DEVICE_FAMILY = "1,2";
			};
			name = Debug;
		};
		D71DEA792FAC815C00412ABE /* Release */ = {
			isa = XCBuildConfiguration;
			buildSettings = {
				ASSETCATALOG_COMPILER_APPICON_NAME = AppIcon;
				ASSETCATALOG_COMPILER_GLOBAL_ACCENT_COLOR_NAME = AccentColor;
				CODE_SIGN_STYLE = Automatic;
				CURRENT_PROJECT_VERSION = 1;
				DEVELOPMENT_ASSET_PATHS = "\"fawfitt/Preview Content\"";
				ENABLE_PREVIEWS = YES;
				GENERATE_INFOPLIST_FILE = YES;
				INFOPLIST_KEY_UIApplicationSceneManifest_Generation = YES;
				INFOPLIST_KEY_UIApplicationSupportsIndirectInputEvents = YES;
				INFOPLIST_KEY_UILaunchScreen_Generation = YES;
				INFOPLIST_KEY_UISupportedInterfaceOrientations_iPad = "UIInterfaceOrientationPortrait UIInterfaceOrientationPortraitUpsideDown UIInterfaceOrientationLandscapeLeft UIInterfaceOrientationLandscapeRight";
				INFOPLIST_KEY_UISupportedInterfaceOrientations_iPhone = "UIInterfaceOrientationPortrait UIInterfaceOrientationLandscapeLeft UIInterfaceOrientationLandscapeRight";
				LD_RUNPATH_SEARCH_PATHS = (
					"$(inherited)",
					"@executable_path/Frameworks",
				);
				MARKETING_VERSION = 1.0;
				PRODUCT_BUNDLE_IDENTIFIER = nxu.fawfitt;
				PRODUCT_NAME = "$(TARGET_NAME)";
				SWIFT_EMIT_LOC_STRINGS = YES;
				SWIFT_VERSION = 5.0;
				TARGETED_DEVICE_FAMILY = "1,2";
			};
			name = Release;
		};
		D71DEA7B2FAC815C00412ABE /* Debug */ = {
			isa = XCBuildConfiguration;
			buildSettings = {
				ALWAYS_EMBED_SWIFT_STANDARD_LIBRARIES = YES;
				BUNDLE_LOADER = "$(TEST_HOST)";
				CODE_SIGN_STYLE = Automatic;
				CURRENT_PROJECT_VERSION = 1;
				GENERATE_INFOPLIST_FILE = YES;
				IPHONEOS_DEPLOYMENT_TARGET = 16.4;
				MARKETING_VERSION = 1.0;
				PRODUCT_BUNDLE_IDENTIFIER = nxu.fawfittTests;
				PRODUCT_NAME = "$(TARGET_NAME)";
				SWIFT_EMIT_LOC_STRINGS = NO;
				SWIFT_VERSION = 5.0;
				TARGETED_DEVICE_FAMILY = "1,2";
				TEST_HOST = "$(BUILT_PRODUCTS_DIR)/fawfitt.app/$(BUNDLE_EXECUTABLE_FOLDER_PATH)/fawfitt";
			};
			name = Debug;
		};
		D71DEA7C2FAC815C00412ABE /* Release */ = {
			isa = XCBuildConfiguration;
			buildSettings = {
				ALWAYS_EMBED_SWIFT_STANDARD_LIBRARIES = YES;
				BUNDLE_LOADER = "$(TEST_HOST)";
				CODE_SIGN_STYLE = Automatic;
				CURRENT_PROJECT_VERSION = 1;
				GENERATE_INFOPLIST_FILE = YES;
				IPHONEOS_DEPLOYMENT_TARGET = 16.4;
				MARKETING_VERSION = 1.0;
				PRODUCT_BUNDLE_IDENTIFIER = nxu.fawfittTests;
				PRODUCT_NAME = "$(TARGET_NAME)";
				SWIFT_EMIT_LOC_STRINGS = NO;
				SWIFT_VERSION = 5.0;
				TARGETED_DEVICE_FAMILY = "1,2";
				TEST_HOST = "$(BUILT_PRODUCTS_DIR)/fawfitt.app/$(BUNDLE_EXECUTABLE_FOLDER_PATH)/fawfitt";
			};
			name = Release;
		};
		D71DEA7E2FAC815C00412ABE /* Debug */ = {
			isa = XCBuildConfiguration;
			buildSettings = {
				ALWAYS_EMBED_SWIFT_STANDARD_LIBRARIES = YES;
				CODE_SIGN_STYLE = Automatic;
				CURRENT_PROJECT_VERSION = 1;
				GENERATE_INFOPLIST_FILE = YES;
				MARKETING_VERSION = 1.0;
				PRODUCT_BUNDLE_IDENTIFIER = nxu.fawfittUITests;
				PRODUCT_NAME = "$(TARGET_NAME)";
				SWIFT_EMIT_LOC_STRINGS = NO;
				SWIFT_VERSION = 5.0;
				TARGETED_DEVICE_FAMILY = "1,2";
				TEST_TARGET_NAME = fawfitt;
			};
			name = Debug;
		};
		D71DEA7F2FAC815C00412ABE /* Release */ = {
			isa = XCBuildConfiguration;
			buildSettings = {
				ALWAYS_EMBED_SWIFT_STANDARD_LIBRARIES = YES;
				CODE_SIGN_STYLE = Automatic;
				CURRENT_PROJECT_VERSION = 1;
				GENERATE_INFOPLIST_FILE = YES;
				MARKETING_VERSION = 1.0;
				PRODUCT_BUNDLE_IDENTIFIER = nxu.fawfittUITests;
				PRODUCT_NAME = "$(TARGET_NAME)";
				SWIFT_EMIT_LOC_STRINGS = NO;
				SWIFT_VERSION = 5.0;
				TARGETED_DEVICE_FAMILY = "1,2";
				TEST_TARGET_NAME = fawfitt;
			};
			name = Release;
		};
/* End XCBuildConfiguration section */

/* Begin XCConfigurationList section */
		D71DEA4E2FAC815700412ABE /* Build configuration list for PBXProject "fawfitt" */ = {
			isa = XCConfigurationList;
			buildConfigurations = (
				D71DEA752FAC815C00412ABE /* Debug */,
				D71DEA762FAC815C00412ABE /* Release */,
			);
			defaultConfigurationIsVisible = 0;
			defaultConfigurationName = Release;
		};
		D71DEA772FAC815C00412ABE /* Build configuration list for PBXNativeTarget "fawfitt" */ = {
			isa = XCConfigurationList;
			buildConfigurations = (
				D71DEA782FAC815C00412ABE /* Debug */,
				D71DEA792FAC815C00412ABE /* Release */,
			);
			defaultConfigurationIsVisible = 0;
			defaultConfigurationName = Release;
		};
		D71DEA7A2FAC815C00412ABE /* Build configuration list for PBXNativeTarget "fawfittTests" */ = {
			isa = XCConfigurationList;
			buildConfigurations = (
				D71DEA7B2FAC815C00412ABE /* Debug */,
				D71DEA7C2FAC815C00412ABE /* Release */,
			);
			defaultConfigurationIsVisible = 0;
			defaultConfigurationName = Release;
		};
		D71DEA7D2FAC815C00412ABE /* Build configuration list for PBXNativeTarget "fawfittUITests" */ = {
			isa = XCConfigurationList;
			buildConfigurations = (
				D71DEA7E2FAC815C00412ABE /* Debug */,
				D71DEA7F2FAC815C00412ABE /* Release */,
			);
			defaultConfigurationIsVisible = 0;
			defaultConfigurationName = Release;
		};
/* End XCConfigurationList section */
	};
	rootObject = D71DEA4B2FAC815700412ABE /* Project object */;
}
